<?xml version="1.0" encoding="UTF-8"?>
<CodeBlocks_project_file>
	<FileVersion major="1" minor="6"/>
	<Project>
		<Option title="main"/>
		<Option makefile_is_custom="1"/>
		<Option compiler="gcc"/>
		<Option virtualFolders="CMake Files\;CMake Files\..\;CMake Files\..\..\;CMake Files\..\..\..\;CMake Files\..\..\..\..\;CMake Files\..\..\..\..\..\;CMake Files\..\..\..\..\..\..\;CMake Files\..\..\..\..\..\..\..\;CMake Files\..\..\..\..\..\..\..\usr\;CMake Files\..\..\..\..\..\..\..\usr\local\;CMake Files\..\..\..\..\..\..\..\usr\local\lib\;CMake Files\..\..\..\..\..\..\..\usr\local\lib\cmake\;CMake Files\..\..\..\..\..\..\..\usr\local\lib\cmake\glfw3\;"/>
		<Build>
			<Target title="all">
				<Option working_dir="/Users/Dmitry/Desktop/CG/computer-graphics/msu_cmc_cg_2021/template1_cpp"/>
				<Option type="4"/>
				<MakeCommands>
					<Build command="/usr/bin/make -j4 -f &quot;/Users/Dmitry/Desktop/CG/computer-graphics/msu_cmc_cg_2021/template1_cpp/Makefile&quot;  VERBOSE=1 all"/>
					<CompileFile command="/usr/bin/make -j4 -f &quot;/Users/Dmitry/Desktop/CG/computer-graphics/msu_cmc_cg_2021/template1_cpp/Makefile&quot;  VERBOSE=1 &quot;$file&quot;"/>
					<Clean command="/usr/bin/make -j4 -f &quot;/Users/Dmitry/Desktop/CG/computer-graphics/msu_cmc_cg_2021/template1_cpp/Makefile&quot;  VERBOSE=1 clean"/>
					<DistClean command="/usr/bin/make -j4 -f &quot;/Users/Dmitry/Desktop/CG/computer-graphics/msu_cmc_cg_2021/template1_cpp/Makefile&quot;  VERBOSE=1 clean"/>
				</MakeCommands>
			</Target>
			<Target title="rebuild_cache">
				<Option working_dir="/Users/Dmitry/Desktop/CG/computer-graphics/msu_cmc_cg_2021/template1_cpp"/>
				<Option type="4"/>
				<MakeCommands>
					<Build command="/usr/bin/make -j4 -f &quot;/Users/Dmitry/Desktop/CG/computer-graphics/msu_cmc_cg_2021/template1_cpp/Makefile&quot;  VERBOSE=1 rebuild_cache"/>
					<CompileFile command="/usr/bin/make -j4 -f &quot;/Users/Dmitry/Desktop/CG/computer-graphics/msu_cmc_cg_2021/template1_cpp/Makefile&quot;  VERBOSE=1 &quot;$file&quot;"/>
					<Clean command="/usr/bin/make -j4 -f &quot;/Users/Dmitry/Desktop/CG/computer-graphics/msu_cmc_cg_2021/template1_cpp/Makefile&quot;  VERBOSE=1 clean"/>
					<DistClean command="/usr/bin/make -j4 -f &quot;/Users/Dmitry/Desktop/CG/computer-graphics/msu_cmc_cg_2021/template1_cpp/Makefile&quot;  VERBOSE=1 clean"/>
				</MakeCommands>
			</Target>
			<Target title="edit_cache">
				<Option working_dir="/Users/Dmitry/Desktop/CG/computer-graphics/msu_cmc_cg_2021/template1_cpp"/>
				<Option type="4"/>
				<MakeCommands>
					<Build command="/usr/bin/make -j4 -f &quot;/Users/Dmitry/Desktop/CG/computer-graphics/msu_cmc_cg_2021/template1_cpp/Makefile&quot;  VERBOSE=1 edit_cache"/>
					<CompileFile command="/usr/bin/make -j4 -f &quot;/Users/Dmitry/Desktop/CG/computer-graphics/msu_cmc_cg_2021/template1_cpp/Makefile&quot;  VERBOSE=1 &quot;$file&quot;"/>
					<Clean command="/usr/bin/make -j4 -f &quot;/Users/Dmitry/Desktop/CG/computer-graphics/msu_cmc_cg_2021/template1_cpp/Makefile&quot;  VERBOSE=1 clean"/>
					<DistClean command="/usr/bin/make -j4 -f &quot;/Users/Dmitry/Desktop/CG/computer-graphics/msu_cmc_cg_2021/template1_cpp/Makefile&quot;  VERBOSE=1 clean"/>
				</MakeCommands>
			</Target>
			<Target title="main">
				<Option output="/Users/Dmitry/Desktop/CG/computer-graphics/msu_cmc_cg_2021/template1_cpp/bin/main" prefix_auto="0" extension_auto="0"/>
				<Option working_dir="/Users/Dmitry/Desktop/CG/computer-graphics/msu_cmc_cg_2021/template1_cpp/bin"/>
				<Option object_output="./"/>
				<Option type="1"/>
				<Option compiler="gcc"/>
				<Compiler>
					<Add directory="/Users/Dmitry/Desktop/CG/computer-graphics/msu_cmc_cg_2021/template1_cpp/dependencies/include/GLAD"/>
					<Add directory="/Library/Developer/CommandLineTools/SDKs/MacOSX10.15.sdk/System/Library/Frameworks/OpenGL.framework"/>
					<Add directory="/usr/local/include"/>
					<Add directory="/Library/Developer/CommandLineTools/usr/bin/../include/c++/v1"/>
					<Add directory="/Library/Developer/CommandLineTools/usr/lib/clang/12.0.0/include"/>
					<Add directory="/Library/Developer/CommandLineTools/usr/include"/>
					<Add directory="/System/Library/Frameworks"/>
					<Add directory="/Library/Frameworks"/>
				</Compiler>
				<MakeCommands>
					<Build command="/usr/bin/make -j4 -f &quot;/Users/Dmitry/Desktop/CG/computer-graphics/msu_cmc_cg_2021/template1_cpp/Makefile&quot;  VERBOSE=1 main"/>
					<CompileFile command="/usr/bin/make -j4 -f &quot;/Users/Dmitry/Desktop/CG/computer-graphics/msu_cmc_cg_2021/template1_cpp/Makefile&quot;  VERBOSE=1 &quot;$file&quot;"/>
					<Clean command="/usr/bin/make -j4 -f &quot;/Users/Dmitry/Desktop/CG/computer-graphics/msu_cmc_cg_2021/template1_cpp/Makefile&quot;  VERBOSE=1 clean"/>
					<DistClean command="/usr/bin/make -j4 -f &quot;/Users/Dmitry/Desktop/CG/computer-graphics/msu_cmc_cg_2021/template1_cpp/Makefile&quot;  VERBOSE=1 clean"/>
				</MakeCommands>
			</Target>
			<Target title="main/fast">
				<Option output="/Users/Dmitry/Desktop/CG/computer-graphics/msu_cmc_cg_2021/template1_cpp/bin/main" prefix_auto="0" extension_auto="0"/>
				<Option working_dir="/Users/Dmitry/Desktop/CG/computer-graphics/msu_cmc_cg_2021/template1_cpp/bin"/>
				<Option object_output="./"/>
				<Option type="1"/>
				<Option compiler="gcc"/>
				<Compiler>
					<Add directory="/Users/Dmitry/Desktop/CG/computer-graphics/msu_cmc_cg_2021/template1_cpp/dependencies/include/GLAD"/>
					<Add directory="/Library/Developer/CommandLineTools/SDKs/MacOSX10.15.sdk/System/Library/Frameworks/OpenGL.framework"/>
					<Add directory="/usr/local/include"/>
					<Add directory="/Library/Developer/CommandLineTools/usr/bin/../include/c++/v1"/>
					<Add directory="/Library/Developer/CommandLineTools/usr/lib/clang/12.0.0/include"/>
					<Add directory="/Library/Developer/CommandLineTools/usr/include"/>
					<Add directory="/System/Library/Frameworks"/>
					<Add directory="/Library/Frameworks"/>
				</Compiler>
				<MakeCommands>
					<Build command="/usr/bin/make -j4 -f &quot;/Users/Dmitry/Desktop/CG/computer-graphics/msu_cmc_cg_2021/template1_cpp/Makefile&quot;  VERBOSE=1 main/fast"/>
					<CompileFile command="/usr/bin/make -j4 -f &quot;/Users/Dmitry/Desktop/CG/computer-graphics/msu_cmc_cg_2021/template1_cpp/Makefile&quot;  VERBOSE=1 &quot;$file&quot;"/>
					<Clean command="/usr/bin/make -j4 -f &quot;/Users/Dmitry/Desktop/CG/computer-graphics/msu_cmc_cg_2021/template1_cpp/Makefile&quot;  VERBOSE=1 clean"/>
					<DistClean command="/usr/bin/make -j4 -f &quot;/Users/Dmitry/Desktop/CG/computer-graphics/msu_cmc_cg_2021/template1_cpp/Makefile&quot;  VERBOSE=1 clean"/>
				</MakeCommands>
			</Target>
		</Build>
		<Unit filename="/Users/Dmitry/Desktop/CG/computer-graphics/msu_cmc_cg_2021/template1_cpp/Image.cpp">
			<Option target="main"/>
		</Unit>
		<Unit filename="/Users/Dmitry/Desktop/CG/computer-graphics/msu_cmc_cg_2021/template1_cpp/Image.h">
			<Option target="main"/>
		</Unit>
		<Unit filename="/Users/Dmitry/Desktop/CG/computer-graphics/msu_cmc_cg_2021/template1_cpp/Map.cpp">
			<Option target="main"/>
		</Unit>
		<Unit filename="/Users/Dmitry/Desktop/CG/computer-graphics/msu_cmc_cg_2021/template1_cpp/Map.h">
			<Option target="main"/>
		</Unit>
		<Unit filename="/Users/Dmitry/Desktop/CG/computer-graphics/msu_cmc_cg_2021/template1_cpp/Player.cpp">
			<Option target="main"/>
		</Unit>
		<Unit filename="/Users/Dmitry/Desktop/CG/computer-graphics/msu_cmc_cg_2021/template1_cpp/Player.h">
			<Option target="main"/>
		</Unit>
		<Unit filename="/Users/Dmitry/Desktop/CG/computer-graphics/msu_cmc_cg_2021/template1_cpp/Tile.cpp">
			<Option target="main"/>
		</Unit>
		<Unit filename="/Users/Dmitry/Desktop/CG/computer-graphics/msu_cmc_cg_2021/template1_cpp/Tile.h">
			<Option target="main"/>
		</Unit>
		<Unit filename="/Users/Dmitry/Desktop/CG/computer-graphics/msu_cmc_cg_2021/template1_cpp/glad.c">
			<Option target="main"/>
		</Unit>
		<Unit filename="/Users/Dmitry/Desktop/CG/computer-graphics/msu_cmc_cg_2021/template1_cpp/main.cpp">
			<Option target="main"/>
		</Unit>
		<Unit filename="/Users/Dmitry/Desktop/CG/computer-graphics/msu_cmc_cg_2021/template1_cpp/CMakeLists.txt">
			<Option virtualFolder="CMake Files\"/>
		</Unit>
		<Unit filename="/Users/Dmitry/Desktop/CG/computer-graphics/msu_cmc_cg_2021/template1_cpp/../../../../../../../usr/local/lib/cmake/glfw3/glfw3Config.cmake">
			<Option virtualFolder="CMake Files\..\..\..\..\..\..\..\usr\local\lib\cmake\glfw3\"/>
		</Unit>
		<Unit filename="/Users/Dmitry/Desktop/CG/computer-graphics/msu_cmc_cg_2021/template1_cpp/../../../../../../../usr/local/lib/cmake/glfw3/glfw3ConfigVersion.cmake">
			<Option virtualFolder="CMake Files\..\..\..\..\..\..\..\usr\local\lib\cmake\glfw3\"/>
		</Unit>
		<Unit filename="/Users/Dmitry/Desktop/CG/computer-graphics/msu_cmc_cg_2021/template1_cpp/../../../../../../../usr/local/lib/cmake/glfw3/glfw3Targets-release.cmake">
			<Option virtualFolder="CMake Files\..\..\..\..\..\..\..\usr\local\lib\cmake\glfw3\"/>
		</Unit>
		<Unit filename="/Users/Dmitry/Desktop/CG/computer-graphics/msu_cmc_cg_2021/template1_cpp/../../../../../../../usr/local/lib/cmake/glfw3/glfw3Targets.cmake">
			<Option virtualFolder="CMake Files\..\..\..\..\..\..\..\usr\local\lib\cmake\glfw3\"/>
		</Unit>
	</Project>
</CodeBlocks_project_file>
